
Microsoft Visual Studio Solution File, Format Version 12.00
# Visual Studio Version 17
VisualStudioVersion = 17.7.34009.444
MinimumVisualStudioVersion = 10.0.40219.1
Project("{FAE04EC0-301F-11D3-BF4B-00C04F79EFBC}") = "UPrompt", "UPrompt.csproj", "{6266F2A6-711B-4C21-94AA-9AE810DB0539}"
	ProjectSection(ProjectDependencies) = postProject
		{03F60A47-ACD0-43EC-892F-BA9AF6E25F39} = {03F60A47-ACD0-43EC-892F-BA9AF6E25F39}
		{A564B452-C263-4D88-9821-8ABE2BA9561C} = {A564B452-C263-4D88-9821-8ABE2BA9561C}
	EndProjectSection
EndProject
Project("{FAE04EC0-301F-11D3-BF4B-00C04F79EFBC}") = "UDesigner", "Designer\UDesigner.csproj", "{A564B452-C263-4D88-9821-8ABE2BA9561C}"
	ProjectSection(ProjectDependencies) = postProject
		{03F60A47-ACD0-43EC-892F-BA9AF6E25F39} = {03F60A47-ACD0-43EC-892F-BA9AF6E25F39}
	EndProjectSection
EndProject
Project("{FAE04EC0-301F-11D3-BF4B-00C04F79EFBC}") = "UPrompt.Core", "UPrompt.Core\UPrompt.Core.csproj", "{03F60A47-ACD0-43EC-892F-BA9AF6E25F39}"
EndProject
Global
	GlobalSection(SolutionConfigurationPlatforms) = preSolution
		Debug|Any CPU = Debug|Any CPU
		Debug|x86 = Debug|x86
		Release|Any CPU = Release|Any CPU
		Release|x86 = Release|x86
	EndGlobalSection
	GlobalSection(ProjectConfigurationPlatforms) = postSolution
		{6266F2A6-711B-4C21-94AA-9AE810DB0539}.Debug|Any CPU.ActiveCfg = Debug|Any CPU
		{6266F2A6-711B-4C21-94AA-9AE810DB0539}.Debug|Any CPU.Build.0 = Debug|Any CPU
		{6266F2A6-711B-4C21-94AA-9AE810DB0539}.Debug|x86.ActiveCfg = Debug|Any CPU
		{6266F2A6-711B-4C21-94AA-9AE810DB0539}.Debug|x86.Build.0 = Debug|Any CPU
		{6266F2A6-711B-4C21-94AA-9AE810DB0539}.Release|Any CPU.ActiveCfg = Release|Any CPU
		{6266F2A6-711B-4C21-94AA-9AE810DB0539}.Release|Any CPU.Build.0 = Release|Any CPU
		{6266F2A6-711B-4C21-94AA-9AE810DB0539}.Release|x86.ActiveCfg = Release|Any CPU
		{6266F2A6-711B-4C21-94AA-9AE810DB0539}.Release|x86.Build.0 = Release|Any CPU
		{A564B452-C263-4D88-9821-8ABE2BA9561C}.Debug|Any CPU.ActiveCfg = Debug|Any CPU
		{A564B452-C263-4D88-9821-8ABE2BA9561C}.Debug|Any CPU.Build.0 = Debug|Any CPU
		{A564B452-C263-4D88-9821-8ABE2BA9561C}.Debug|x86.ActiveCfg = Debug|Any CPU
		{A564B452-C263-4D88-9821-8ABE2BA9561C}.Debug|x86.Build.0 = Debug|Any CPU
		{A564B452-C263-4D88-9821-8ABE2BA9561C}.Release|Any CPU.ActiveCfg = Release|Any CPU
		{A564B452-C263-4D88-9821-8ABE2BA9561C}.Release|Any CPU.Build.0 = Release|Any CPU
		{A564B452-C263-4D88-9821-8ABE2BA9561C}.Release|x86.ActiveCfg = Release|Any CPU
		{A564B452-C263-4D88-9821-8ABE2BA9561C}.Release|x86.Build.0 = Release|Any CPU
		{03F60A47-ACD0-43EC-892F-BA9AF6E25F39}.Debug|Any CPU.ActiveCfg = Debug|Any CPU
		{03F60A47-ACD0-43EC-892F-BA9AF6E25F39}.Debug|Any CPU.Build.0 = Debug|Any CPU
		{03F60A47-ACD0-43EC-892F-BA9AF6E25F39}.Debug|x86.ActiveCfg = Debug|Win32
		{03F60A47-ACD0-43EC-892F-BA9AF6E25F39}.Debug|x86.Build.0 = Debug|Win32
		{03F60A47-ACD0-43EC-892F-BA9AF6E25F39}.Release|Any CPU.ActiveCfg = Release|Any CPU
		{03F60A47-ACD0-43EC-892F-BA9AF6E25F39}.Release|Any CPU.Build.0 = Release|Any CPU
		{03F60A47-ACD0-43EC-892F-BA9AF6E25F39}.Release|x86.ActiveCfg = Release|Win32
		{03F60A47-ACD0-43EC-892F-BA9AF6E25F39}.Release|x86.Build.0 = Release|Win32
	EndGlobalSection
	GlobalSection(SolutionProperties) = preSolution
		HideSolutionNode = FALSE
	EndGlobalSection
	GlobalSection(ExtensibilityGlobals) = postSolution
		SolutionGuid = {1A55DE14-E293-45DA-8343-4010459E2DAF}
	EndGlobalSection
EndGlobal
